
Microsoft Visual Studio Solution File, Format Version 12.00
# Visual Studio 14
VisualStudioVersion = 14.0.25420.1
MinimumVisualStudioVersion = 10.0.40219.1
Project("{FAE04EC0-301F-11D3-BF4B-00C04F79EFBC}") = "PathDemo", "PathDemo\PathDemo.csproj", "{0A9022C2-8A5A-4706-AB5D-4C6277A758D8}"
EndProject
Project("{FAE04EC0-301F-11D3-BF4B-00C04F79EFBC}") = "PathDemoUWwp", "PathDemoUWwp\PathDemoUWwp.csproj", "{DE81102B-0E16-4B09-8B96-8D4DFEAD5583}"
EndProject
Project("{FAE04EC0-301F-11D3-BF4B-00C04F79EFBC}") = "Microsoft.Expression.Drawing", "Microsoft.Expression.Drawing\Microsoft.Expression.Drawing.csproj", "{D6058F32-1134-4D70-8142-C87C762FF5E6}"
EndProject
Project("{FAE04EC0-301F-11D3-BF4B-00C04F79EFBC}") = "PathDemoSilverlight", "PathDemoSilverlight\PathDemoSilverlight.csproj", "{751BFDF3-847A-4F87-BC11-B0B5342BF006}"
EndProject
Global
	GlobalSection(SolutionConfigurationPlatforms) = preSolution
		Debug|Any CPU = Debug|Any CPU
		Debug|ARM = Debug|ARM
		Debug|x64 = Debug|x64
		Debug|x86 = Debug|x86
		Release|Any CPU = Release|Any CPU
		Release|ARM = Release|ARM
		Release|x64 = Release|x64
		Release|x86 = Release|x86
	EndGlobalSection
	GlobalSection(ProjectConfigurationPlatforms) = postSolution
		{0A9022C2-8A5A-4706-AB5D-4C6277A758D8}.Debug|Any CPU.ActiveCfg = Debug|Any CPU
		{0A9022C2-8A5A-4706-AB5D-4C6277A758D8}.Debug|Any CPU.Build.0 = Debug|Any CPU
		{0A9022C2-8A5A-4706-AB5D-4C6277A758D8}.Debug|ARM.ActiveCfg = Debug|Any CPU
		{0A9022C2-8A5A-4706-AB5D-4C6277A758D8}.Debug|ARM.Build.0 = Debug|Any CPU
		{0A9022C2-8A5A-4706-AB5D-4C6277A758D8}.Debug|x64.ActiveCfg = Debug|Any CPU
		{0A9022C2-8A5A-4706-AB5D-4C6277A758D8}.Debug|x64.Build.0 = Debug|Any CPU
		{0A9022C2-8A5A-4706-AB5D-4C6277A758D8}.Debug|x86.ActiveCfg = Debug|Any CPU
		{0A9022C2-8A5A-4706-AB5D-4C6277A758D8}.Debug|x86.Build.0 = Debug|Any CPU
		{0A9022C2-8A5A-4706-AB5D-4C6277A758D8}.Release|Any CPU.ActiveCfg = Release|Any CPU
		{0A9022C2-8A5A-4706-AB5D-4C6277A758D8}.Release|Any CPU.Build.0 = Release|Any CPU
		{0A9022C2-8A5A-4706-AB5D-4C6277A758D8}.Release|ARM.ActiveCfg = Release|Any CPU
		{0A9022C2-8A5A-4706-AB5D-4C6277A758D8}.Release|ARM.Build.0 = Release|Any CPU
		{0A9022C2-8A5A-4706-AB5D-4C6277A758D8}.Release|x64.ActiveCfg = Release|Any CPU
		{0A9022C2-8A5A-4706-AB5D-4C6277A758D8}.Release|x64.Build.0 = Release|Any CPU
		{0A9022C2-8A5A-4706-AB5D-4C6277A758D8}.Release|x86.ActiveCfg = Release|Any CPU
		{0A9022C2-8A5A-4706-AB5D-4C6277A758D8}.Release|x86.Build.0 = Release|Any CPU
		{DE81102B-0E16-4B09-8B96-8D4DFEAD5583}.Debug|Any CPU.ActiveCfg = Debug|x86
		{DE81102B-0E16-4B09-8B96-8D4DFEAD5583}.Debug|ARM.ActiveCfg = Debug|ARM
		{DE81102B-0E16-4B09-8B96-8D4DFEAD5583}.Debug|ARM.Build.0 = Debug|ARM
		{DE81102B-0E16-4B09-8B96-8D4DFEAD5583}.Debug|ARM.Deploy.0 = Debug|ARM
		{DE81102B-0E16-4B09-8B96-8D4DFEAD5583}.Debug|x64.ActiveCfg = Debug|x64
		{DE81102B-0E16-4B09-8B96-8D4DFEAD5583}.Debug|x64.Build.0 = Debug|x64
		{DE81102B-0E16-4B09-8B96-8D4DFEAD5583}.Debug|x64.Deploy.0 = Debug|x64
		{DE81102B-0E16-4B09-8B96-8D4DFEAD5583}.Debug|x86.ActiveCfg = Debug|x86
		{DE81102B-0E16-4B09-8B96-8D4DFEAD5583}.Debug|x86.Build.0 = Debug|x86
		{DE81102B-0E16-4B09-8B96-8D4DFEAD5583}.Debug|x86.Deploy.0 = Debug|x86
		{DE81102B-0E16-4B09-8B96-8D4DFEAD5583}.Release|Any CPU.ActiveCfg = Release|x86
		{DE81102B-0E16-4B09-8B96-8D4DFEAD5583}.Release|ARM.ActiveCfg = Release|ARM
		{DE81102B-0E16-4B09-8B96-8D4DFEAD5583}.Release|ARM.Build.0 = Release|ARM
		{DE81102B-0E16-4B09-8B96-8D4DFEAD5583}.Release|ARM.Deploy.0 = Release|ARM
		{DE81102B-0E16-4B09-8B96-8D4DFEAD5583}.Release|x64.ActiveCfg = Release|x64
		{DE81102B-0E16-4B09-8B96-8D4DFEAD5583}.Release|x64.Build.0 = Release|x64
		{DE81102B-0E16-4B09-8B96-8D4DFEAD5583}.Release|x64.Deploy.0 = Release|x64
		{DE81102B-0E16-4B09-8B96-8D4DFEAD5583}.Release|x86.ActiveCfg = Release|x86
		{DE81102B-0E16-4B09-8B96-8D4DFEAD5583}.Release|x86.Build.0 = Release|x86
		{DE81102B-0E16-4B09-8B96-8D4DFEAD5583}.Release|x86.Deploy.0 = Release|x86
		{D6058F32-1134-4D70-8142-C87C762FF5E6}.Debug|Any CPU.ActiveCfg = Debug|Any CPU
		{D6058F32-1134-4D70-8142-C87C762FF5E6}.Debug|Any CPU.Build.0 = Debug|Any CPU
		{D6058F32-1134-4D70-8142-C87C762FF5E6}.Debug|ARM.ActiveCfg = Debug|Any CPU
		{D6058F32-1134-4D70-8142-C87C762FF5E6}.Debug|ARM.Build.0 = Debug|Any CPU
		{D6058F32-1134-4D70-8142-C87C762FF5E6}.Debug|x64.ActiveCfg = Debug|Any CPU
		{D6058F32-1134-4D70-8142-C87C762FF5E6}.Debug|x64.Build.0 = Debug|Any CPU
		{D6058F32-1134-4D70-8142-C87C762FF5E6}.Debug|x86.ActiveCfg = Debug|Any CPU
		{D6058F32-1134-4D70-8142-C87C762FF5E6}.Debug|x86.Build.0 = Debug|Any CPU
		{D6058F32-1134-4D70-8142-C87C762FF5E6}.Release|Any CPU.ActiveCfg = Release|Any CPU
		{D6058F32-1134-4D70-8142-C87C762FF5E6}.Release|Any CPU.Build.0 = Release|Any CPU
		{D6058F32-1134-4D70-8142-C87C762FF5E6}.Release|ARM.ActiveCfg = Release|Any CPU
		{D6058F32-1134-4D70-8142-C87C762FF5E6}.Release|ARM.Build.0 = Release|Any CPU
		{D6058F32-1134-4D70-8142-C87C762FF5E6}.Release|x64.ActiveCfg = Release|Any CPU
		{D6058F32-1134-4D70-8142-C87C762FF5E6}.Release|x64.Build.0 = Release|Any CPU
		{D6058F32-1134-4D70-8142-C87C762FF5E6}.Release|x86.ActiveCfg = Release|Any CPU
		{D6058F32-1134-4D70-8142-C87C762FF5E6}.Release|x86.Build.0 = Release|Any CPU
		{751BFDF3-847A-4F87-BC11-B0B5342BF006}.Debug|Any CPU.ActiveCfg = Debug|Any CPU
		{751BFDF3-847A-4F87-BC11-B0B5342BF006}.Debug|Any CPU.Build.0 = Debug|Any CPU
		{751BFDF3-847A-4F87-BC11-B0B5342BF006}.Debug|ARM.ActiveCfg = Debug|Any CPU
		{751BFDF3-847A-4F87-BC11-B0B5342BF006}.Debug|ARM.Build.0 = Debug|Any CPU
		{751BFDF3-847A-4F87-BC11-B0B5342BF006}.Debug|x64.ActiveCfg = Debug|Any CPU
		{751BFDF3-847A-4F87-BC11-B0B5342BF006}.Debug|x64.Build.0 = Debug|Any CPU
		{751BFDF3-847A-4F87-BC11-B0B5342BF006}.Debug|x86.ActiveCfg = Debug|Any CPU
		{751BFDF3-847A-4F87-BC11-B0B5342BF006}.Debug|x86.Build.0 = Debug|Any CPU
		{751BFDF3-847A-4F87-BC11-B0B5342BF006}.Release|Any CPU.ActiveCfg = Release|Any CPU
		{751BFDF3-847A-4F87-BC11-B0B5342BF006}.Release|Any CPU.Build.0 = Release|Any CPU
		{751BFDF3-847A-4F87-BC11-B0B5342BF006}.Release|ARM.ActiveCfg = Release|Any CPU
		{751BFDF3-847A-4F87-BC11-B0B5342BF006}.Release|ARM.Build.0 = Release|Any CPU
		{751BFDF3-847A-4F87-BC11-B0B5342BF006}.Release|x64.ActiveCfg = Release|Any CPU
		{751BFDF3-847A-4F87-BC11-B0B5342BF006}.Release|x64.Build.0 = Release|Any CPU
		{751BFDF3-847A-4F87-BC11-B0B5342BF006}.Release|x86.ActiveCfg = Release|Any CPU
		{751BFDF3-847A-4F87-BC11-B0B5342BF006}.Release|x86.Build.0 = Release|Any CPU
	EndGlobalSection
	GlobalSection(SolutionProperties) = preSolution
		HideSolutionNode = FALSE
	EndGlobalSection
EndGlobal
