
Microsoft Visual Studio Solution File, Format Version 12.00
# Visual Studio 14
VisualStudioVersion = 14.0.25420.1
MinimumVisualStudioVersion = 10.0.40219.1
Project("{FAE04EC0-301F-11D3-BF4B-00C04F79EFBC}") = "ColorWheelDemoSilverlight", "ColorWheelDemoSilverlight\ColorWheelDemoSilverlight.csproj", "{84A2EE37-BDA6-4975-A265-93A5E98671EC}"
EndProject
Project("{FAE04EC0-301F-11D3-BF4B-00C04F79EFBC}") = "ColorWheelDemoWinform", "ColorWheelDemoWinform\ColorWheelDemoWinform.csproj", "{0262A8AC-C478-46DD-AF69-71284628506F}"
EndProject
Project("{FAE04EC0-301F-11D3-BF4B-00C04F79EFBC}") = "ColorWheelUwp", "ColorWheelUwp\ColorWheelUwp.csproj", "{33749E9A-1073-4524-963C-AF915D759843}"
EndProject
Global
	GlobalSection(SolutionConfigurationPlatforms) = preSolution
		Debug|Any CPU = Debug|Any CPU
		Debug|ARM = Debug|ARM
		Debug|x64 = Debug|x64
		Debug|x86 = Debug|x86
		Release|Any CPU = Release|Any CPU
		Release|ARM = Release|ARM
		Release|x64 = Release|x64
		Release|x86 = Release|x86
	EndGlobalSection
	GlobalSection(ProjectConfigurationPlatforms) = postSolution
		{84A2EE37-BDA6-4975-A265-93A5E98671EC}.Debug|Any CPU.ActiveCfg = Debug|Any CPU
		{84A2EE37-BDA6-4975-A265-93A5E98671EC}.Debug|Any CPU.Build.0 = Debug|Any CPU
		{84A2EE37-BDA6-4975-A265-93A5E98671EC}.Debug|ARM.ActiveCfg = Debug|Any CPU
		{84A2EE37-BDA6-4975-A265-93A5E98671EC}.Debug|ARM.Build.0 = Debug|Any CPU
		{84A2EE37-BDA6-4975-A265-93A5E98671EC}.Debug|x64.ActiveCfg = Debug|Any CPU
		{84A2EE37-BDA6-4975-A265-93A5E98671EC}.Debug|x64.Build.0 = Debug|Any CPU
		{84A2EE37-BDA6-4975-A265-93A5E98671EC}.Debug|x86.ActiveCfg = Debug|Any CPU
		{84A2EE37-BDA6-4975-A265-93A5E98671EC}.Debug|x86.Build.0 = Debug|Any CPU
		{84A2EE37-BDA6-4975-A265-93A5E98671EC}.Release|Any CPU.ActiveCfg = Release|Any CPU
		{84A2EE37-BDA6-4975-A265-93A5E98671EC}.Release|Any CPU.Build.0 = Release|Any CPU
		{84A2EE37-BDA6-4975-A265-93A5E98671EC}.Release|ARM.ActiveCfg = Release|Any CPU
		{84A2EE37-BDA6-4975-A265-93A5E98671EC}.Release|ARM.Build.0 = Release|Any CPU
		{84A2EE37-BDA6-4975-A265-93A5E98671EC}.Release|x64.ActiveCfg = Release|Any CPU
		{84A2EE37-BDA6-4975-A265-93A5E98671EC}.Release|x64.Build.0 = Release|Any CPU
		{84A2EE37-BDA6-4975-A265-93A5E98671EC}.Release|x86.ActiveCfg = Release|Any CPU
		{84A2EE37-BDA6-4975-A265-93A5E98671EC}.Release|x86.Build.0 = Release|Any CPU
		{0262A8AC-C478-46DD-AF69-71284628506F}.Debug|Any CPU.ActiveCfg = Debug|Any CPU
		{0262A8AC-C478-46DD-AF69-71284628506F}.Debug|Any CPU.Build.0 = Debug|Any CPU
		{0262A8AC-C478-46DD-AF69-71284628506F}.Debug|ARM.ActiveCfg = Debug|Any CPU
		{0262A8AC-C478-46DD-AF69-71284628506F}.Debug|ARM.Build.0 = Debug|Any CPU
		{0262A8AC-C478-46DD-AF69-71284628506F}.Debug|x64.ActiveCfg = Debug|Any CPU
		{0262A8AC-C478-46DD-AF69-71284628506F}.Debug|x64.Build.0 = Debug|Any CPU
		{0262A8AC-C478-46DD-AF69-71284628506F}.Debug|x86.ActiveCfg = Debug|Any CPU
		{0262A8AC-C478-46DD-AF69-71284628506F}.Debug|x86.Build.0 = Debug|Any CPU
		{0262A8AC-C478-46DD-AF69-71284628506F}.Release|Any CPU.ActiveCfg = Release|Any CPU
		{0262A8AC-C478-46DD-AF69-71284628506F}.Release|Any CPU.Build.0 = Release|Any CPU
		{0262A8AC-C478-46DD-AF69-71284628506F}.Release|ARM.ActiveCfg = Release|Any CPU
		{0262A8AC-C478-46DD-AF69-71284628506F}.Release|ARM.Build.0 = Release|Any CPU
		{0262A8AC-C478-46DD-AF69-71284628506F}.Release|x64.ActiveCfg = Release|Any CPU
		{0262A8AC-C478-46DD-AF69-71284628506F}.Release|x64.Build.0 = Release|Any CPU
		{0262A8AC-C478-46DD-AF69-71284628506F}.Release|x86.ActiveCfg = Release|Any CPU
		{0262A8AC-C478-46DD-AF69-71284628506F}.Release|x86.Build.0 = Release|Any CPU
		{33749E9A-1073-4524-963C-AF915D759843}.Debug|Any CPU.ActiveCfg = Debug|x86
		{33749E9A-1073-4524-963C-AF915D759843}.Debug|ARM.ActiveCfg = Debug|ARM
		{33749E9A-1073-4524-963C-AF915D759843}.Debug|ARM.Build.0 = Debug|ARM
		{33749E9A-1073-4524-963C-AF915D759843}.Debug|ARM.Deploy.0 = Debug|ARM
		{33749E9A-1073-4524-963C-AF915D759843}.Debug|x64.ActiveCfg = Debug|x64
		{33749E9A-1073-4524-963C-AF915D759843}.Debug|x64.Build.0 = Debug|x64
		{33749E9A-1073-4524-963C-AF915D759843}.Debug|x64.Deploy.0 = Debug|x64
		{33749E9A-1073-4524-963C-AF915D759843}.Debug|x86.ActiveCfg = Debug|x86
		{33749E9A-1073-4524-963C-AF915D759843}.Debug|x86.Build.0 = Debug|x86
		{33749E9A-1073-4524-963C-AF915D759843}.Debug|x86.Deploy.0 = Debug|x86
		{33749E9A-1073-4524-963C-AF915D759843}.Release|Any CPU.ActiveCfg = Release|x86
		{33749E9A-1073-4524-963C-AF915D759843}.Release|ARM.ActiveCfg = Release|ARM
		{33749E9A-1073-4524-963C-AF915D759843}.Release|ARM.Build.0 = Release|ARM
		{33749E9A-1073-4524-963C-AF915D759843}.Release|ARM.Deploy.0 = Release|ARM
		{33749E9A-1073-4524-963C-AF915D759843}.Release|x64.ActiveCfg = Release|x64
		{33749E9A-1073-4524-963C-AF915D759843}.Release|x64.Build.0 = Release|x64
		{33749E9A-1073-4524-963C-AF915D759843}.Release|x64.Deploy.0 = Release|x64
		{33749E9A-1073-4524-963C-AF915D759843}.Release|x86.ActiveCfg = Release|x86
		{33749E9A-1073-4524-963C-AF915D759843}.Release|x86.Build.0 = Release|x86
		{33749E9A-1073-4524-963C-AF915D759843}.Release|x86.Deploy.0 = Release|x86
	EndGlobalSection
	GlobalSection(SolutionProperties) = preSolution
		HideSolutionNode = FALSE
	EndGlobalSection
EndGlobal
