
Microsoft Visual Studio Solution File, Format Version 12.00
# Visual Studio 15
VisualStudioVersion = 15.0.26403.7
MinimumVisualStudioVersion = 10.0.40219.1
Project("{FAE04EC0-301F-11D3-BF4B-00C04F79EFBC}") = "ShapeDemo", "ShapeDemo\ShapeDemo.csproj", "{A49121EA-5B48-4A2A-B5D2-1E56EEFCCF99}"
EndProject
Project("{FAE04EC0-301F-11D3-BF4B-00C04F79EFBC}") = "ShapeDemoSilverlight", "ShapeDemoSilverlight\ShapeDemoSilverlight.csproj", "{CC9EE86E-C5F5-421A-8059-B1E8D752A974}"
EndProject
Project("{FAE04EC0-301F-11D3-BF4B-00C04F79EFBC}") = "SvgDemo", "SvgDemo\SvgDemo.csproj", "{09CA4A17-319D-4D7F-8E60-A670C1B1E65F}"
EndProject
Global
	GlobalSection(SolutionConfigurationPlatforms) = preSolution
		Debug|Any CPU = Debug|Any CPU
		Debug|ARM = Debug|ARM
		Debug|x64 = Debug|x64
		Debug|x86 = Debug|x86
		Release|Any CPU = Release|Any CPU
		Release|ARM = Release|ARM
		Release|x64 = Release|x64
		Release|x86 = Release|x86
	EndGlobalSection
	GlobalSection(ProjectConfigurationPlatforms) = postSolution
		{A49121EA-5B48-4A2A-B5D2-1E56EEFCCF99}.Debug|Any CPU.ActiveCfg = Debug|x86
		{A49121EA-5B48-4A2A-B5D2-1E56EEFCCF99}.Debug|ARM.ActiveCfg = Debug|ARM
		{A49121EA-5B48-4A2A-B5D2-1E56EEFCCF99}.Debug|ARM.Build.0 = Debug|ARM
		{A49121EA-5B48-4A2A-B5D2-1E56EEFCCF99}.Debug|ARM.Deploy.0 = Debug|ARM
		{A49121EA-5B48-4A2A-B5D2-1E56EEFCCF99}.Debug|x64.ActiveCfg = Debug|x64
		{A49121EA-5B48-4A2A-B5D2-1E56EEFCCF99}.Debug|x64.Build.0 = Debug|x64
		{A49121EA-5B48-4A2A-B5D2-1E56EEFCCF99}.Debug|x64.Deploy.0 = Debug|x64
		{A49121EA-5B48-4A2A-B5D2-1E56EEFCCF99}.Debug|x86.ActiveCfg = Debug|x86
		{A49121EA-5B48-4A2A-B5D2-1E56EEFCCF99}.Debug|x86.Build.0 = Debug|x86
		{A49121EA-5B48-4A2A-B5D2-1E56EEFCCF99}.Debug|x86.Deploy.0 = Debug|x86
		{A49121EA-5B48-4A2A-B5D2-1E56EEFCCF99}.Release|Any CPU.ActiveCfg = Release|x86
		{A49121EA-5B48-4A2A-B5D2-1E56EEFCCF99}.Release|ARM.ActiveCfg = Release|ARM
		{A49121EA-5B48-4A2A-B5D2-1E56EEFCCF99}.Release|ARM.Build.0 = Release|ARM
		{A49121EA-5B48-4A2A-B5D2-1E56EEFCCF99}.Release|ARM.Deploy.0 = Release|ARM
		{A49121EA-5B48-4A2A-B5D2-1E56EEFCCF99}.Release|x64.ActiveCfg = Release|x64
		{A49121EA-5B48-4A2A-B5D2-1E56EEFCCF99}.Release|x64.Build.0 = Release|x64
		{A49121EA-5B48-4A2A-B5D2-1E56EEFCCF99}.Release|x64.Deploy.0 = Release|x64
		{A49121EA-5B48-4A2A-B5D2-1E56EEFCCF99}.Release|x86.ActiveCfg = Release|x86
		{A49121EA-5B48-4A2A-B5D2-1E56EEFCCF99}.Release|x86.Build.0 = Release|x86
		{A49121EA-5B48-4A2A-B5D2-1E56EEFCCF99}.Release|x86.Deploy.0 = Release|x86
		{CC9EE86E-C5F5-421A-8059-B1E8D752A974}.Debug|Any CPU.ActiveCfg = Debug|Any CPU
		{CC9EE86E-C5F5-421A-8059-B1E8D752A974}.Debug|Any CPU.Build.0 = Debug|Any CPU
		{CC9EE86E-C5F5-421A-8059-B1E8D752A974}.Debug|ARM.ActiveCfg = Debug|Any CPU
		{CC9EE86E-C5F5-421A-8059-B1E8D752A974}.Debug|ARM.Build.0 = Debug|Any CPU
		{CC9EE86E-C5F5-421A-8059-B1E8D752A974}.Debug|x64.ActiveCfg = Debug|Any CPU
		{CC9EE86E-C5F5-421A-8059-B1E8D752A974}.Debug|x64.Build.0 = Debug|Any CPU
		{CC9EE86E-C5F5-421A-8059-B1E8D752A974}.Debug|x86.ActiveCfg = Debug|Any CPU
		{CC9EE86E-C5F5-421A-8059-B1E8D752A974}.Debug|x86.Build.0 = Debug|Any CPU
		{CC9EE86E-C5F5-421A-8059-B1E8D752A974}.Release|Any CPU.ActiveCfg = Release|Any CPU
		{CC9EE86E-C5F5-421A-8059-B1E8D752A974}.Release|Any CPU.Build.0 = Release|Any CPU
		{CC9EE86E-C5F5-421A-8059-B1E8D752A974}.Release|ARM.ActiveCfg = Release|Any CPU
		{CC9EE86E-C5F5-421A-8059-B1E8D752A974}.Release|ARM.Build.0 = Release|Any CPU
		{CC9EE86E-C5F5-421A-8059-B1E8D752A974}.Release|x64.ActiveCfg = Release|Any CPU
		{CC9EE86E-C5F5-421A-8059-B1E8D752A974}.Release|x64.Build.0 = Release|Any CPU
		{CC9EE86E-C5F5-421A-8059-B1E8D752A974}.Release|x86.ActiveCfg = Release|Any CPU
		{CC9EE86E-C5F5-421A-8059-B1E8D752A974}.Release|x86.Build.0 = Release|Any CPU
		{09CA4A17-319D-4D7F-8E60-A670C1B1E65F}.Debug|Any CPU.ActiveCfg = Debug|x86
		{09CA4A17-319D-4D7F-8E60-A670C1B1E65F}.Debug|ARM.ActiveCfg = Debug|ARM
		{09CA4A17-319D-4D7F-8E60-A670C1B1E65F}.Debug|ARM.Build.0 = Debug|ARM
		{09CA4A17-319D-4D7F-8E60-A670C1B1E65F}.Debug|ARM.Deploy.0 = Debug|ARM
		{09CA4A17-319D-4D7F-8E60-A670C1B1E65F}.Debug|x64.ActiveCfg = Debug|x64
		{09CA4A17-319D-4D7F-8E60-A670C1B1E65F}.Debug|x64.Build.0 = Debug|x64
		{09CA4A17-319D-4D7F-8E60-A670C1B1E65F}.Debug|x64.Deploy.0 = Debug|x64
		{09CA4A17-319D-4D7F-8E60-A670C1B1E65F}.Debug|x86.ActiveCfg = Debug|x86
		{09CA4A17-319D-4D7F-8E60-A670C1B1E65F}.Debug|x86.Build.0 = Debug|x86
		{09CA4A17-319D-4D7F-8E60-A670C1B1E65F}.Debug|x86.Deploy.0 = Debug|x86
		{09CA4A17-319D-4D7F-8E60-A670C1B1E65F}.Release|Any CPU.ActiveCfg = Release|x86
		{09CA4A17-319D-4D7F-8E60-A670C1B1E65F}.Release|ARM.ActiveCfg = Release|ARM
		{09CA4A17-319D-4D7F-8E60-A670C1B1E65F}.Release|ARM.Build.0 = Release|ARM
		{09CA4A17-319D-4D7F-8E60-A670C1B1E65F}.Release|ARM.Deploy.0 = Release|ARM
		{09CA4A17-319D-4D7F-8E60-A670C1B1E65F}.Release|x64.ActiveCfg = Release|x64
		{09CA4A17-319D-4D7F-8E60-A670C1B1E65F}.Release|x64.Build.0 = Release|x64
		{09CA4A17-319D-4D7F-8E60-A670C1B1E65F}.Release|x64.Deploy.0 = Release|x64
		{09CA4A17-319D-4D7F-8E60-A670C1B1E65F}.Release|x86.ActiveCfg = Release|x86
		{09CA4A17-319D-4D7F-8E60-A670C1B1E65F}.Release|x86.Build.0 = Release|x86
		{09CA4A17-319D-4D7F-8E60-A670C1B1E65F}.Release|x86.Deploy.0 = Release|x86
	EndGlobalSection
	GlobalSection(SolutionProperties) = preSolution
		HideSolutionNode = FALSE
	EndGlobalSection
EndGlobal
